
Microsoft Visual Studio Solution File, Format Version 12.00
# Visual Studio Version 17
VisualStudioVersion = 17.0.32112.339
MinimumVisualStudioVersion = 10.0.40219.1
Project("{FAE04EC0-301F-11D3-BF4B-00C04F79EFBC}") = "myFirstWPFApp", "myFirstWPFApp\myFirstWPFApp.csproj", "{714E635F-F34A-419B-80C4-456CB8703076}"
EndProject
Global
	GlobalSection(SolutionConfigurationPlatforms) = preSolution
		Debug|Any CPU = Debug|Any CPU
		Release|Any CPU = Release|Any CPU
	EndGlobalSection
	GlobalSection(ProjectConfigurationPlatforms) = postSolution
		{714E635F-F34A-419B-80C4-456CB8703076}.Debug|Any CPU.ActiveCfg = Debug|Any CPU
		{714E635F-F34A-419B-80C4-456CB8703076}.Debug|Any CPU.Build.0 = Debug|Any CPU
		{714E635F-F34A-419B-80C4-456CB8703076}.Release|Any CPU.ActiveCfg = Release|Any CPU
		{714E635F-F34A-419B-80C4-456CB8703076}.Release|Any CPU.Build.0 = Release|Any CPU
	EndGlobalSection
	GlobalSection(SolutionProperties) = preSolution
		HideSolutionNode = FALSE
	EndGlobalSection
	GlobalSection(ExtensibilityGlobals) = postSolution
		SolutionGuid = {9A96EC57-26FF-42EB-B482-38F4EC058977}
	EndGlobalSection
EndGlobal
